
Microsoft Visual Studio Solution File, Format Version 12.00
# Visual Studio Version 17
VisualStudioVersion = 17.5.33530.505
MinimumVisualStudioVersion = 10.0.40219.1
Project("{FAE04EC0-301F-11D3-BF4B-00C04F79EFBC}") = "Q2_min&max", "Q2_min&max\Q2_min&max.csproj", "{A7F37105-104B-407F-80DB-78D36C32ABF5}"
EndProject
Global
	GlobalSection(SolutionConfigurationPlatforms) = preSolution
		Debug|Any CPU = Debug|Any CPU
		Release|Any CPU = Release|Any CPU
	EndGlobalSection
	GlobalSection(ProjectConfigurationPlatforms) = postSolution
		{A7F37105-104B-407F-80DB-78D36C32ABF5}.Debug|Any CPU.ActiveCfg = Debug|Any CPU
		{A7F37105-104B-407F-80DB-78D36C32ABF5}.Debug|Any CPU.Build.0 = Debug|Any CPU
		{A7F37105-104B-407F-80DB-78D36C32ABF5}.Release|Any CPU.ActiveCfg = Release|Any CPU
		{A7F37105-104B-407F-80DB-78D36C32ABF5}.Release|Any CPU.Build.0 = Release|Any CPU
	EndGlobalSection
	GlobalSection(SolutionProperties) = preSolution
		HideSolutionNode = FALSE
	EndGlobalSection
	GlobalSection(ExtensibilityGlobals) = postSolution
		SolutionGuid = {342B5BEB-2A3B-4F0E-8EDD-575E8585AF0E}
	EndGlobalSection
EndGlobal
